// !$*UTF8*$!
{
	archiveVersion = 1;
	classes = {
	};
	objectVersion = 46;
	objects = {

/* Begin PBXBuildFile section */
		FF9EE6741BD99080005017AC /* main.m in Sources */ = {isa = PBXBuildFile; fileRef = FF9EE6731BD99080005017AC /* main.m */; };
		FF9EE6771BD99080005017AC /* AppDelegate.m in Sources */ = {isa = PBXBuildFile; fileRef = FF9EE6761BD99080005017AC /* AppDelegate.m */; };
		FF9EE67A1BD99080005017AC /* ViewController.m in Sources */ = {isa = PBXBuildFile; fileRef = FF9EE6791BD99080005017AC /* ViewController.m */; };
		FF9EE67D1BD99080005017AC /* Main.storyboard in Resources */ = {isa = PBXBuildFile; fileRef = FF9EE67B1BD99080005017AC /* Main.storyboard */; };
		FF9EE67F1BD99080005017AC /* Assets.xcassets in Resources */ = {isa = PBXBuildFile; fileRef = FF9EE67E1BD99080005017AC /* Assets.xcassets */; };
		FF9EE6821BD99080005017AC /* LaunchScreen.storyboard in Resources */ = {isa = PBXBuildFile; fileRef = FF9EE6801BD99080005017AC /* LaunchScreen.storyboard */; };
		FF9EE68D1BD99080005017AC /* BotonesPersonalizadosTests.m in Sources */ = {isa = PBXBuildFile; fileRef = FF9EE68C1BD99080005017AC /* BotonesPersonalizadosTests.m */; };
		FF9EE6981BD99080005017AC /* BotonesPersonalizadosUITests.m in Sources */ = {isa = PBXBuildFile; fileRef = FF9EE6971BD99080005017AC /* BotonesPersonalizadosUITests.m */; };
		FF9EE6A71BD99187005017AC /* BotonAzul.png in Resources */ = {isa = PBXBuildFile; fileRef = FF9EE6A51BD99187005017AC /* BotonAzul.png */; };
		FF9EE6A81BD99187005017AC /* BotonRojo.png in Resources */ = {isa = PBXBuildFile; fileRef = FF9EE6A61BD99187005017AC /* BotonRojo.png */; };
/* End PBXBuildFile section */

/* Begin PBXContainerItemProxy section */
		FF9EE6891BD99080005017AC /* PBXContainerItemProxy */ = {
			isa = PBXContainerItemProxy;
			containerPortal = FF9EE6671BD99080005017AC /* Project object */;
			proxyType = 1;
			remoteGlobalIDString = FF9EE66E1BD99080005017AC;
			remoteInfo = BotonesPersonalizados;
		};
		FF9EE6941BD99080005017AC /* PBXContainerItemProxy */ = {
			isa = PBXContainerItemProxy;
			containerPortal = FF9EE6671BD99080005017AC /* Project object */;
			proxyType = 1;
			remoteGlobalIDString = FF9EE66E1BD99080005017AC;
			remoteInfo = BotonesPersonalizados;
		};
/* End PBXContainerItemProxy section */

/* Begin PBXFileReference section */
		FF9EE66F1BD99080005017AC /* BotonesPersonalizados.app */ = {isa = PBXFileReference; explicitFileType = wrapper.application; includeInIndex = 0; path = BotonesPersonalizados.app; sourceTree = BUILT_PRODUCTS_DIR; };
		FF9EE6731BD99080005017AC /* main.m */ = {isa = PBXFileReference; lastKnownFileType = sourcecode.c.objc; path = main.m; sourceTree = "<group>"; };
		FF9EE6751BD99080005017AC /* AppDelegate.h */ = {isa = PBXFileReference; lastKnownFileType = sourcecode.c.h; path = AppDelegate.h; sourceTree = "<group>"; };
		FF9EE6761BD99080005017AC /* AppDelegate.m */ = {isa = PBXFileReference; lastKnownFileType = sourcecode.c.objc; path = AppDelegate.m; sourceTree = "<group>"; };
		FF9EE6781BD99080005017AC /* ViewController.h */ = {isa = PBXFileReference; lastKnownFileType = sourcecode.c.h; path = ViewController.h; sourceTree = "<group>"; };
		FF9EE6791BD99080005017AC /* ViewController.m */ = {isa = PBXFileReference; lastKnownFileType = sourcecode.c.objc; path = ViewController.m; sourceTree = "<group>"; };
		FF9EE67C1BD99080005017AC /* Base */ = {isa = PBXFileReference; lastKnownFileType = file.storyboard; name = Base; path = Base.lproj/Main.storyboard; sourceTree = "<group>"; };
		FF9EE67E1BD99080005017AC /* Assets.xcassets */ = {isa = PBXFileReference; lastKnownFileType = folder.assetcatalog; path = Assets.xcassets; sourceTree = "<group>"; };
		FF9EE6811BD99080005017AC /* Base */ = {isa = PBXFileReference; lastKnownFileType = file.storyboard; name = Base; path = Base.lproj/LaunchScreen.storyboard; sourceTree = "<group>"; };
		FF9EE6831BD99080005017AC /* Info.plist */ = {isa = PBXFileReference; lastKnownFileType = text.plist.xml; path = Info.plist; sourceTree = "<group>"; };
		FF9EE6881BD99080005017AC /* BotonesPersonalizadosTests.xctest */ = {isa = PBXFileReference; explicitFileType = wrapper.cfbundle; includeInIndex = 0; path = BotonesPersonalizadosTests.xctest; sourceTree = BUILT_PRODUCTS_DIR; };
		FF9EE68C1BD99080005017AC /* BotonesPersonalizadosTests.m */ = {isa = PBXFileReference; lastKnownFileType = sourcecode.c.objc; path = BotonesPersonalizadosTests.m; sourceTree = "<group>"; };
		FF9EE68E1BD99080005017AC /* Info.plist */ = {isa = PBXFileReference; lastKnownFileType = text.plist.xml; path = Info.plist; sourceTree = "<group>"; };
		FF9EE6931BD99080005017AC /* BotonesPersonalizadosUITests.xctest */ = {isa = PBXFileReference; explicitFileType = wrapper.cfbundle; includeInIndex = 0; path = BotonesPersonalizadosUITests.xctest; sourceTree = BUILT_PRODUCTS_DIR; };
		FF9EE6971BD99080005017AC /* BotonesPersonalizadosUITests.m */ = {isa = PBXFileReference; lastKnownFileType = sourcecode.c.objc; path = BotonesPersonalizadosUITests.m; sourceTree = "<group>"; };
		FF9EE6991BD99080005017AC /* Info.plist */ = {isa = PBXFileReference; lastKnownFileType = text.plist.xml; path = Info.plist; sourceTree = "<group>"; };
		FF9EE6A51BD99187005017AC /* BotonAzul.png */ = {isa = PBXFileReference; lastKnownFileType = image.png; path = BotonAzul.png; sourceTree = "<group>"; };
		FF9EE6A61BD99187005017AC /* BotonRojo.png */ = {isa = PBXFileReference; lastKnownFileType = image.png; path = BotonRojo.png; sourceTree = "<group>"; };
/* End PBXFileReference section */

/* Begin PBXFrameworksBuildPhase section */
		FF9EE66C1BD99080005017AC /* Frameworks */ = {
			isa = PBXFrameworksBuildPhase;
			buildActionMask = 2147483647;
			files = (
			);
			runOnlyForDeploymentPostprocessing = 0;
		};
		FF9EE6851BD99080005017AC /* Frameworks */ = {
			isa = PBXFrameworksBuildPhase;
			buildActionMask = 2147483647;
			files = (
			);
			runOnlyForDeploymentPostprocessing = 0;
		};
		FF9EE6901BD99080005017AC /* Frameworks */ = {
			isa = PBXFrameworksBuildPhase;
			buildActionMask = 2147483647;
			files = (
			);
			runOnlyForDeploymentPostprocessing = 0;
		};
/* End PBXFrameworksBuildPhase section */

/* Begin PBXGroup section */
		FF9EE6661BD99080005017AC = {
			isa = PBXGroup;
			children = (
				FF9EE6A51BD99187005017AC /* BotonAzul.png */,
				FF9EE6A61BD99187005017AC /* BotonRojo.png */,
				FF9EE6711BD99080005017AC /* BotonesPersonalizados */,
				FF9EE68B1BD99080005017AC /* BotonesPersonalizadosTests */,
				FF9EE6961BD99080005017AC /* BotonesPersonalizadosUITests */,
				FF9EE6701BD99080005017AC /* Products */,
			);
			sourceTree = "<group>";
		};
		FF9EE6701BD99080005017AC /* Products */ = {
			isa = PBXGroup;
			children = (
				FF9EE66F1BD99080005017AC /* BotonesPersonalizados.app */,
				FF9EE6881BD99080005017AC /* BotonesPersonalizadosTests.xctest */,
				FF9EE6931BD99080005017AC /* BotonesPersonalizadosUITests.xctest */,
			);
			name = Products;
			sourceTree = "<group>";
		};
		FF9EE6711BD99080005017AC /* BotonesPersonalizados */ = {
			isa = PBXGroup;
			children = (
				FF9EE6751BD99080005017AC /* AppDelegate.h */,
				FF9EE6761BD99080005017AC /* AppDelegate.m */,
				FF9EE6781BD99080005017AC /* ViewController.h */,
				FF9EE6791BD99080005017AC /* ViewController.m */,
				FF9EE67B1BD99080005017AC /* Main.storyboard */,
				FF9EE67E1BD99080005017AC /* Assets.xcassets */,
				FF9EE6801BD99080005017AC /* LaunchScreen.storyboard */,
				FF9EE6831BD99080005017AC /* Info.plist */,
				FF9EE6721BD99080005017AC /* Supporting Files */,
			);
			path = BotonesPersonalizados;
			sourceTree = "<group>";
		};
		FF9EE6721BD99080005017AC /* Supporting Files */ = {
			isa = PBXGroup;
			children = (
				FF9EE6731BD99080005017AC /* main.m */,
			);
			name = "Supporting Files";
			sourceTree = "<group>";
		};
		FF9EE68B1BD99080005017AC /* BotonesPersonalizadosTests */ = {
			isa = PBXGroup;
			children = (
				FF9EE68C1BD99080005017AC /* BotonesPersonalizadosTests.m */,
				FF9EE68E1BD99080005017AC /* Info.plist */,
			);
			path = BotonesPersonalizadosTests;
			sourceTree = "<group>";
		};
		FF9EE6961BD99080005017AC /* BotonesPersonalizadosUITests */ = {
			isa = PBXGroup;
			children = (
				FF9EE6971BD99080005017AC /* BotonesPersonalizadosUITests.m */,
				FF9EE6991BD99080005017AC /* Info.plist */,
			);
			path = BotonesPersonalizadosUITests;
			sourceTree = "<group>";
		};
/* End PBXGroup section */

/* Begin PBXNativeTarget section */
		FF9EE66E1BD99080005017AC /* BotonesPersonalizados */ = {
			isa = PBXNativeTarget;
			buildConfigurationList = FF9EE69C1BD99080005017AC /* Build configuration list for PBXNativeTarget "BotonesPersonalizados" */;
			buildPhases = (
				FF9EE66B1BD99080005017AC /* Sources */,
				FF9EE66C1BD99080005017AC /* Frameworks */,
				FF9EE66D1BD99080005017AC /* Resources */,
			);
			buildRules = (
			);
			dependencies = (
			);
			name = BotonesPersonalizados;
			productName = BotonesPersonalizados;
			productReference = FF9EE66F1BD99080005017AC /* BotonesPersonalizados.app */;
			productType = "com.apple.product-type.application";
		};
		FF9EE6871BD99080005017AC /* BotonesPersonalizadosTests */ = {
			isa = PBXNativeTarget;
			buildConfigurationList = FF9EE69F1BD99080005017AC /* Build configuration list for PBXNativeTarget "BotonesPersonalizadosTests" */;
			buildPhases = (
				FF9EE6841BD99080005017AC /* Sources */,
				FF9EE6851BD99080005017AC /* Frameworks */,
				FF9EE6861BD99080005017AC /* Resources */,
			);
			buildRules = (
			);
			dependencies = (
				FF9EE68A1BD99080005017AC /* PBXTargetDependency */,
			);
			name = BotonesPersonalizadosTests;
			productName = BotonesPersonalizadosTests;
			productReference = FF9EE6881BD99080005017AC /* BotonesPersonalizadosTests.xctest */;
			productType = "com.apple.product-type.bundle.unit-test";
		};
		FF9EE6921BD99080005017AC /* BotonesPersonalizadosUITests */ = {
			isa = PBXNativeTarget;
			buildConfigurationList = FF9EE6A21BD99080005017AC /* Build configuration list for PBXNativeTarget "BotonesPersonalizadosUITests" */;
			buildPhases = (
				FF9EE68F1BD99080005017AC /* Sources */,
				FF9EE6901BD99080005017AC /* Frameworks */,
				FF9EE6911BD99080005017AC /* Resources */,
			);
			buildRules = (
			);
			dependencies = (
				FF9EE6951BD99080005017AC /* PBXTargetDependency */,
			);
			name = BotonesPersonalizadosUITests;
			productName = BotonesPersonalizadosUITests;
			productReference = FF9EE6931BD99080005017AC /* BotonesPersonalizadosUITests.xctest */;
			productType = "com.apple.product-type.bundle.ui-testing";
		};
/* End PBXNativeTarget section */

/* Begin PBXProject section */
		FF9EE6671BD99080005017AC /* Project object */ = {
			isa = PBXProject;
			attributes = {
				LastUpgradeCheck = 0710;
				ORGANIZATIONNAME = "Antonio Martínez González";
				TargetAttributes = {
					FF9EE66E1BD99080005017AC = {
						CreatedOnToolsVersion = 7.1;
					};
					FF9EE6871BD99080005017AC = {
						CreatedOnToolsVersion = 7.1;
						TestTargetID = FF9EE66E1BD99080005017AC;
					};
					FF9EE6921BD99080005017AC = {
						CreatedOnToolsVersion = 7.1;
						TestTargetID = FF9EE66E1BD99080005017AC;
					};
				};
			};
			buildConfigurationList = FF9EE66A1BD99080005017AC /* Build configuration list for PBXProject "BotonesPersonalizados" */;
			compatibilityVersion = "Xcode 3.2";
			developmentRegion = English;
			hasScannedForEncodings = 0;
			knownRegions = (
				en,
				Base,
			);
			mainGroup = FF9EE6661BD99080005017AC;
			productRefGroup = FF9EE6701BD99080005017AC /* Products */;
			projectDirPath = "";
			projectRoot = "";
			targets = (
				FF9EE66E1BD99080005017AC /* BotonesPersonalizados */,
				FF9EE6871BD99080005017AC /* BotonesPersonalizadosTests */,
				FF9EE6921BD99080005017AC /* BotonesPersonalizadosUITests */,
			);
		};
/* End PBXProject section */

/* Begin PBXResourcesBuildPhase section */
		FF9EE66D1BD99080005017AC /* Resources */ = {
			isa = PBXResourcesBuildPhase;
			buildActionMask = 2147483647;
			files = (
				FF9EE6821BD99080005017AC /* LaunchScreen.storyboard in Resources */,
				FF9EE67F1BD99080005017AC /* Assets.xcassets in Resources */,
				FF9EE6A71BD99187005017AC /* BotonAzul.png in Resources */,
				FF9EE6A81BD99187005017AC /* BotonRojo.png in Resources */,
				FF9EE67D1BD99080005017AC /* Main.storyboard in Resources */,
			);
			runOnlyForDeploymentPostprocessing = 0;
		};
		FF9EE6861BD99080005017AC /* Resources */ = {
			isa = PBXResourcesBuildPhase;
			buildActionMask = 2147483647;
			files = (
			);
			runOnlyForDeploymentPostprocessing = 0;
		};
		FF9EE6911BD99080005017AC /* Resources */ = {
			isa = PBXResourcesBuildPhase;
			buildActionMask = 2147483647;
			files = (
			);
			runOnlyForDeploymentPostprocessing = 0;
		};
/* End PBXResourcesBuildPhase section */

/* Begin PBXSourcesBuildPhase section */
		FF9EE66B1BD99080005017AC /* Sources */ = {
			isa = PBXSourcesBuildPhase;
			buildActionMask = 2147483647;
			files = (
				FF9EE67A1BD99080005017AC /* ViewController.m in Sources */,
				FF9EE6771BD99080005017AC /* AppDelegate.m in Sources */,
				FF9EE6741BD99080005017AC /* main.m in Sources */,
			);
			runOnlyForDeploymentPostprocessing = 0;
		};
		FF9EE6841BD99080005017AC /* Sources */ = {
			isa = PBXSourcesBuildPhase;
			buildActionMask = 2147483647;
			files = (
				FF9EE68D1BD99080005017AC /* BotonesPersonalizadosTests.m in Sources */,
			);
			runOnlyForDeploymentPostprocessing = 0;
		};
		FF9EE68F1BD99080005017AC /* Sources */ = {
			isa = PBXSourcesBuildPhase;
			buildActionMask = 2147483647;
			files = (
				FF9EE6981BD99080005017AC /* BotonesPersonalizadosUITests.m in Sources */,
			);
			runOnlyForDeploymentPostprocessing = 0;
		};
/* End PBXSourcesBuildPhase section */

/* Begin PBXTargetDependency section */
		FF9EE68A1BD99080005017AC /* PBXTargetDependency */ = {
			isa = PBXTargetDependency;
			target = FF9EE66E1BD99080005017AC /* BotonesPersonalizados */;
			targetProxy = FF9EE6891BD99080005017AC /* PBXContainerItemProxy */;
		};
		FF9EE6951BD99080005017AC /* PBXTargetDependency */ = {
			isa = PBXTargetDependency;
			target = FF9EE66E1BD99080005017AC /* BotonesPersonalizados */;
			targetProxy = FF9EE6941BD99080005017AC /* PBXContainerItemProxy */;
		};
/* End PBXTargetDependency section */

/* Begin PBXVariantGroup section */
		FF9EE67B1BD99080005017AC /* Main.storyboard */ = {
			isa = PBXVariantGroup;
			children = (
				FF9EE67C1BD99080005017AC /* Base */,
			);
			name = Main.storyboard;
			sourceTree = "<group>";
		};
		FF9EE6801BD99080005017AC /* LaunchScreen.storyboard */ = {
			isa = PBXVariantGroup;
			children = (
				FF9EE6811BD99080005017AC /* Base */,
			);
			name = LaunchScreen.storyboard;
			sourceTree = "<group>";
		};
/* End PBXVariantGroup section */

/* Begin XCBuildConfiguration section */
		FF9EE69A1BD99080005017AC /* Debug */ = {
			isa = XCBuildConfiguration;
			buildSettings = {
				ALWAYS_SEARCH_USER_PATHS = NO;
				CLANG_CXX_LANGUAGE_STANDARD = "gnu++0x";
				CLANG_CXX_LIBRARY = "libc++";
				CLANG_ENABLE_MODULES = YES;
				CLANG_ENABLE_OBJC_ARC = YES;
				CLANG_WARN_BOOL_CONVERSION = YES;
				CLANG_WARN_CONSTANT_CONVERSION = YES;
				CLANG_WARN_DIRECT_OBJC_ISA_USAGE = YES_ERROR;
				CLANG_WARN_EMPTY_BODY = YES;
				CLANG_WARN_ENUM_CONVERSION = YES;
				CLANG_WARN_INT_CONVERSION = YES;
				CLANG_WARN_OBJC_ROOT_CLASS = YES_ERROR;
				CLANG_WARN_UNREACHABLE_CODE = YES;
				CLANG_WARN__DUPLICATE_METHOD_MATCH = YES;
				"CODE_SIGN_IDENTITY[sdk=iphoneos*]" = "iPhone Developer";
				COPY_PHASE_STRIP = NO;
				DEBUG_INFORMATION_FORMAT = dwarf;
				ENABLE_STRICT_OBJC_MSGSEND = YES;
				ENABLE_TESTABILITY = YES;
				GCC_C_LANGUAGE_STANDARD = gnu99;
				GCC_DYNAMIC_NO_PIC = NO;
				GCC_NO_COMMON_BLOCKS = YES;
				GCC_OPTIMIZATION_LEVEL = 0;
				GCC_PREPROCESSOR_DEFINITIONS = (
					"DEBUG=1",
					"$(inherited)",
				);
				GCC_WARN_64_TO_32_BIT_CONVERSION = YES;
				GCC_WARN_ABOUT_RETURN_TYPE = YES_ERROR;
				GCC_WARN_UNDECLARED_SELECTOR = YES;
				GCC_WARN_UNINITIALIZED_AUTOS = YES_AGGRESSIVE;
				GCC_WARN_UNUSED_FUNCTION = YES;
				GCC_WARN_UNUSED_VARIABLE = YES;
				IPHONEOS_DEPLOYMENT_TARGET = 9.1;
				MTL_ENABLE_DEBUG_INFO = YES;
				ONLY_ACTIVE_ARCH = YES;
				SDKROOT = iphoneos;
			};
			name = Debug;
		};
		FF9EE69B1BD99080005017AC /* Release */ = {
			isa = XCBuildConfiguration;
			buildSettings = {
				ALWAYS_SEARCH_USER_PATHS = NO;
				CLANG_CXX_LANGUAGE_STANDARD = "gnu++0x";
				CLANG_CXX_LIBRARY = "libc++";
				CLANG_ENABLE_MODULES = YES;
				CLANG_ENABLE_OBJC_ARC = YES;
				CLANG_WARN_BOOL_CONVERSION = YES;
				CLANG_WARN_CONSTANT_CONVERSION = YES;
				CLANG_WARN_DIRECT_OBJC_ISA_USAGE = YES_ERROR;
				CLANG_WARN_EMPTY_BODY = YES;
				CLANG_WARN_ENUM_CONVERSION = YES;
				CLANG_WARN_INT_CONVERSION = YES;
				CLANG_WARN_OBJC_ROOT_CLASS = YES_ERROR;
				CLANG_WARN_UNREACHABLE_CODE = YES;
				CLANG_WARN__DUPLICATE_METHOD_MATCH = YES;
				"CODE_SIGN_IDENTITY[sdk=iphoneos*]" = "iPhone Developer";
				COPY_PHASE_STRIP = NO;
				DEBUG_INFORMATION_FORMAT = "dwarf-with-dsym";
				ENABLE_NS_ASSERTIONS = NO;
				ENABLE_STRICT_OBJC_MSGSEND = YES;
				GCC_C_LANGUAGE_STANDARD = gnu99;
				GCC_NO_COMMON_BLOCKS = YES;
				GCC_WARN_64_TO_32_BIT_CONVERSION = YES;
				GCC_WARN_ABOUT_RETURN_TYPE = YES_ERROR;
				GCC_WARN_UNDECLARED_SELECTOR = YES;
				GCC_WARN_UNINITIALIZED_AUTOS = YES_AGGRESSIVE;
				GCC_WARN_UNUSED_FUNCTION = YES;
				GCC_WARN_UNUSED_VARIABLE = YES;
				IPHONEOS_DEPLOYMENT_TARGET = 9.1;
				MTL_ENABLE_DEBUG_INFO = NO;
				SDKROOT = iphoneos;
				VALIDATE_PRODUCT = YES;
			};
			name = Release;
		};
		FF9EE69D1BD99080005017AC /* Debug */ = {
			isa = XCBuildConfiguration;
			buildSettings = {
				ASSETCATALOG_COMPILER_APPICON_NAME = AppIcon;
				INFOPLIST_FILE = BotonesPersonalizados/Info.plist;
				LD_RUNPATH_SEARCH_PATHS = "$(inherited) @executable_path/Frameworks";
				PRODUCT_BUNDLE_IDENTIFIER = amgonzalez.BotonesPersonalizados;
				PRODUCT_NAME = "$(TARGET_NAME)";
			};
			name = Debug;
		};
		FF9EE69E1BD99080005017AC /* Release */ = {
			isa = XCBuildConfiguration;
			buildSettings = {
				ASSETCATALOG_COMPILER_APPICON_NAME = AppIcon;
				INFOPLIST_FILE = BotonesPersonalizados/Info.plist;
				LD_RUNPATH_SEARCH_PATHS = "$(inherited) @executable_path/Frameworks";
				PRODUCT_BUNDLE_IDENTIFIER = amgonzalez.BotonesPersonalizados;
				PRODUCT_NAME = "$(TARGET_NAME)";
			};
			name = Release;
		};
		FF9EE6A01BD99080005017AC /* Debug */ = {
			isa = XCBuildConfiguration;
			buildSettings = {
				BUNDLE_LOADER = "$(TEST_HOST)";
				INFOPLIST_FILE = BotonesPersonalizadosTests/Info.plist;
				LD_RUNPATH_SEARCH_PATHS = "$(inherited) @executable_path/Frameworks @loader_path/Frameworks";
				PRODUCT_BUNDLE_IDENTIFIER = amgonzalez.BotonesPersonalizadosTests;
				PRODUCT_NAME = "$(TARGET_NAME)";
				TEST_HOST = "$(BUILT_PRODUCTS_DIR)/BotonesPersonalizados.app/BotonesPersonalizados";
			};
			name = Debug;
		};
		FF9EE6A11BD99080005017AC /* Release */ = {
			isa = XCBuildConfiguration;
			buildSettings = {
				BUNDLE_LOADER = "$(TEST_HOST)";
				INFOPLIST_FILE = BotonesPersonalizadosTests/Info.plist;
				LD_RUNPATH_SEARCH_PATHS = "$(inherited) @executable_path/Frameworks @loader_path/Frameworks";
				PRODUCT_BUNDLE_IDENTIFIER = amgonzalez.BotonesPersonalizadosTests;
				PRODUCT_NAME = "$(TARGET_NAME)";
				TEST_HOST = "$(BUILT_PRODUCTS_DIR)/BotonesPersonalizados.app/BotonesPersonalizados";
			};
			name = Release;
		};
		FF9EE6A31BD99080005017AC /* Debug */ = {
			isa = XCBuildConfiguration;
			buildSettings = {
				INFOPLIST_FILE = BotonesPersonalizadosUITests/Info.plist;
				LD_RUNPATH_SEARCH_PATHS = "$(inherited) @executable_path/Frameworks @loader_path/Frameworks";
				PRODUCT_BUNDLE_IDENTIFIER = amgonzalez.BotonesPersonalizadosUITests;
				PRODUCT_NAME = "$(TARGET_NAME)";
				TEST_TARGET_NAME = BotonesPersonalizados;
				USES_XCTRUNNER = YES;
			};
			name = Debug;
		};
		FF9EE6A41BD99080005017AC /* Release */ = {
			isa = XCBuildConfiguration;
			buildSettings = {
				INFOPLIST_FILE = BotonesPersonalizadosUITests/Info.plist;
				LD_RUNPATH_SEARCH_PATHS = "$(inherited) @executable_path/Frameworks @loader_path/Frameworks";
				PRODUCT_BUNDLE_IDENTIFIER = amgonzalez.BotonesPersonalizadosUITests;
				PRODUCT_NAME = "$(TARGET_NAME)";
				TEST_TARGET_NAME = BotonesPersonalizados;
				USES_XCTRUNNER = YES;
			};
			name = Release;
		};
/* End XCBuildConfiguration section */

/* Begin XCConfigurationList section */
		FF9EE66A1BD99080005017AC /* Build configuration list for PBXProject "BotonesPersonalizados" */ = {
			isa = XCConfigurationList;
			buildConfigurations = (
				FF9EE69A1BD99080005017AC /* Debug */,
				FF9EE69B1BD99080005017AC /* Release */,
			);
			defaultConfigurationIsVisible = 0;
			defaultConfigurationName = Release;
		};
		FF9EE69C1BD99080005017AC /* Build configuration list for PBXNativeTarget "BotonesPersonalizados" */ = {
			isa = XCConfigurationList;
			buildConfigurations = (
				FF9EE69D1BD99080005017AC /* Debug */,
				FF9EE69E1BD99080005017AC /* Release */,
			);
			defaultConfigurationIsVisible = 0;
		};
		FF9EE69F1BD99080005017AC /* Build configuration list for PBXNativeTarget "BotonesPersonalizadosTests" */ = {
			isa = XCConfigurationList;
			buildConfigurations = (
				FF9EE6A01BD99080005017AC /* Debug */,
				FF9EE6A11BD99080005017AC /* Release */,
			);
			defaultConfigurationIsVisible = 0;
		};
		FF9EE6A21BD99080005017AC /* Build configuration list for PBXNativeTarget "BotonesPersonalizadosUITests" */ = {
			isa = XCConfigurationList;
			buildConfigurations = (
				FF9EE6A31BD99080005017AC /* Debug */,
				FF9EE6A41BD99080005017AC /* Release */,
			);
			defaultConfigurationIsVisible = 0;
		};
/* End XCConfigurationList section */
	};
	rootObject = FF9EE6671BD99080005017AC /* Project object */;
}
