// !$*UTF8*$!
{
	archiveVersion = 1;
	classes = {
	};
	objectVersion = 46;
	objects = {

/* Begin PBXBuildFile section */
		FF6E7AF61C0132DC008A0944 /* main.m in Sources */ = {isa = PBXBuildFile; fileRef = FF6E7AF51C0132DC008A0944 /* main.m */; };
		FF6E7AF91C0132DC008A0944 /* AppDelegate.m in Sources */ = {isa = PBXBuildFile; fileRef = FF6E7AF81C0132DC008A0944 /* AppDelegate.m */; };
		FF6E7AFC1C0132DC008A0944 /* ViewController.m in Sources */ = {isa = PBXBuildFile; fileRef = FF6E7AFB1C0132DC008A0944 /* ViewController.m */; };
		FF6E7AFF1C0132DC008A0944 /* Main.storyboard in Resources */ = {isa = PBXBuildFile; fileRef = FF6E7AFD1C0132DC008A0944 /* Main.storyboard */; };
		FF6E7B011C0132DC008A0944 /* Assets.xcassets in Resources */ = {isa = PBXBuildFile; fileRef = FF6E7B001C0132DC008A0944 /* Assets.xcassets */; };
		FF6E7B041C0132DC008A0944 /* LaunchScreen.storyboard in Resources */ = {isa = PBXBuildFile; fileRef = FF6E7B021C0132DC008A0944 /* LaunchScreen.storyboard */; };
		FF6E7B0F1C0132DC008A0944 /* EsconderObjetosTests.m in Sources */ = {isa = PBXBuildFile; fileRef = FF6E7B0E1C0132DC008A0944 /* EsconderObjetosTests.m */; };
		FF6E7B1A1C0132DC008A0944 /* EsconderObjetosUITests.m in Sources */ = {isa = PBXBuildFile; fileRef = FF6E7B191C0132DC008A0944 /* EsconderObjetosUITests.m */; };
/* End PBXBuildFile section */

/* Begin PBXContainerItemProxy section */
		FF6E7B0B1C0132DC008A0944 /* PBXContainerItemProxy */ = {
			isa = PBXContainerItemProxy;
			containerPortal = FF6E7AE91C0132DC008A0944 /* Project object */;
			proxyType = 1;
			remoteGlobalIDString = FF6E7AF01C0132DC008A0944;
			remoteInfo = EsconderObjetos;
		};
		FF6E7B161C0132DC008A0944 /* PBXContainerItemProxy */ = {
			isa = PBXContainerItemProxy;
			containerPortal = FF6E7AE91C0132DC008A0944 /* Project object */;
			proxyType = 1;
			remoteGlobalIDString = FF6E7AF01C0132DC008A0944;
			remoteInfo = EsconderObjetos;
		};
/* End PBXContainerItemProxy section */

/* Begin PBXFileReference section */
		FF6E7AF11C0132DC008A0944 /* EsconderObjetos.app */ = {isa = PBXFileReference; explicitFileType = wrapper.application; includeInIndex = 0; path = EsconderObjetos.app; sourceTree = BUILT_PRODUCTS_DIR; };
		FF6E7AF51C0132DC008A0944 /* main.m */ = {isa = PBXFileReference; lastKnownFileType = sourcecode.c.objc; path = main.m; sourceTree = "<group>"; };
		FF6E7AF71C0132DC008A0944 /* AppDelegate.h */ = {isa = PBXFileReference; lastKnownFileType = sourcecode.c.h; path = AppDelegate.h; sourceTree = "<group>"; };
		FF6E7AF81C0132DC008A0944 /* AppDelegate.m */ = {isa = PBXFileReference; lastKnownFileType = sourcecode.c.objc; path = AppDelegate.m; sourceTree = "<group>"; };
		FF6E7AFA1C0132DC008A0944 /* ViewController.h */ = {isa = PBXFileReference; lastKnownFileType = sourcecode.c.h; path = ViewController.h; sourceTree = "<group>"; };
		FF6E7AFB1C0132DC008A0944 /* ViewController.m */ = {isa = PBXFileReference; lastKnownFileType = sourcecode.c.objc; path = ViewController.m; sourceTree = "<group>"; };
		FF6E7AFE1C0132DC008A0944 /* Base */ = {isa = PBXFileReference; lastKnownFileType = file.storyboard; name = Base; path = Base.lproj/Main.storyboard; sourceTree = "<group>"; };
		FF6E7B001C0132DC008A0944 /* Assets.xcassets */ = {isa = PBXFileReference; lastKnownFileType = folder.assetcatalog; path = Assets.xcassets; sourceTree = "<group>"; };
		FF6E7B031C0132DC008A0944 /* Base */ = {isa = PBXFileReference; lastKnownFileType = file.storyboard; name = Base; path = Base.lproj/LaunchScreen.storyboard; sourceTree = "<group>"; };
		FF6E7B051C0132DC008A0944 /* Info.plist */ = {isa = PBXFileReference; lastKnownFileType = text.plist.xml; path = Info.plist; sourceTree = "<group>"; };
		FF6E7B0A1C0132DC008A0944 /* EsconderObjetosTests.xctest */ = {isa = PBXFileReference; explicitFileType = wrapper.cfbundle; includeInIndex = 0; path = EsconderObjetosTests.xctest; sourceTree = BUILT_PRODUCTS_DIR; };
		FF6E7B0E1C0132DC008A0944 /* EsconderObjetosTests.m */ = {isa = PBXFileReference; lastKnownFileType = sourcecode.c.objc; path = EsconderObjetosTests.m; sourceTree = "<group>"; };
		FF6E7B101C0132DC008A0944 /* Info.plist */ = {isa = PBXFileReference; lastKnownFileType = text.plist.xml; path = Info.plist; sourceTree = "<group>"; };
		FF6E7B151C0132DC008A0944 /* EsconderObjetosUITests.xctest */ = {isa = PBXFileReference; explicitFileType = wrapper.cfbundle; includeInIndex = 0; path = EsconderObjetosUITests.xctest; sourceTree = BUILT_PRODUCTS_DIR; };
		FF6E7B191C0132DC008A0944 /* EsconderObjetosUITests.m */ = {isa = PBXFileReference; lastKnownFileType = sourcecode.c.objc; path = EsconderObjetosUITests.m; sourceTree = "<group>"; };
		FF6E7B1B1C0132DC008A0944 /* Info.plist */ = {isa = PBXFileReference; lastKnownFileType = text.plist.xml; path = Info.plist; sourceTree = "<group>"; };
/* End PBXFileReference section */

/* Begin PBXFrameworksBuildPhase section */
		FF6E7AEE1C0132DC008A0944 /* Frameworks */ = {
			isa = PBXFrameworksBuildPhase;
			buildActionMask = 2147483647;
			files = (
			);
			runOnlyForDeploymentPostprocessing = 0;
		};
		FF6E7B071C0132DC008A0944 /* Frameworks */ = {
			isa = PBXFrameworksBuildPhase;
			buildActionMask = 2147483647;
			files = (
			);
			runOnlyForDeploymentPostprocessing = 0;
		};
		FF6E7B121C0132DC008A0944 /* Frameworks */ = {
			isa = PBXFrameworksBuildPhase;
			buildActionMask = 2147483647;
			files = (
			);
			runOnlyForDeploymentPostprocessing = 0;
		};
/* End PBXFrameworksBuildPhase section */

/* Begin PBXGroup section */
		FF6E7AE81C0132DC008A0944 = {
			isa = PBXGroup;
			children = (
				FF6E7AF31C0132DC008A0944 /* EsconderObjetos */,
				FF6E7B0D1C0132DC008A0944 /* EsconderObjetosTests */,
				FF6E7B181C0132DC008A0944 /* EsconderObjetosUITests */,
				FF6E7AF21C0132DC008A0944 /* Products */,
			);
			sourceTree = "<group>";
		};
		FF6E7AF21C0132DC008A0944 /* Products */ = {
			isa = PBXGroup;
			children = (
				FF6E7AF11C0132DC008A0944 /* EsconderObjetos.app */,
				FF6E7B0A1C0132DC008A0944 /* EsconderObjetosTests.xctest */,
				FF6E7B151C0132DC008A0944 /* EsconderObjetosUITests.xctest */,
			);
			name = Products;
			sourceTree = "<group>";
		};
		FF6E7AF31C0132DC008A0944 /* EsconderObjetos */ = {
			isa = PBXGroup;
			children = (
				FF6E7AF71C0132DC008A0944 /* AppDelegate.h */,
				FF6E7AF81C0132DC008A0944 /* AppDelegate.m */,
				FF6E7AFA1C0132DC008A0944 /* ViewController.h */,
				FF6E7AFB1C0132DC008A0944 /* ViewController.m */,
				FF6E7AFD1C0132DC008A0944 /* Main.storyboard */,
				FF6E7B001C0132DC008A0944 /* Assets.xcassets */,
				FF6E7B021C0132DC008A0944 /* LaunchScreen.storyboard */,
				FF6E7B051C0132DC008A0944 /* Info.plist */,
				FF6E7AF41C0132DC008A0944 /* Supporting Files */,
			);
			path = EsconderObjetos;
			sourceTree = "<group>";
		};
		FF6E7AF41C0132DC008A0944 /* Supporting Files */ = {
			isa = PBXGroup;
			children = (
				FF6E7AF51C0132DC008A0944 /* main.m */,
			);
			name = "Supporting Files";
			sourceTree = "<group>";
		};
		FF6E7B0D1C0132DC008A0944 /* EsconderObjetosTests */ = {
			isa = PBXGroup;
			children = (
				FF6E7B0E1C0132DC008A0944 /* EsconderObjetosTests.m */,
				FF6E7B101C0132DC008A0944 /* Info.plist */,
			);
			path = EsconderObjetosTests;
			sourceTree = "<group>";
		};
		FF6E7B181C0132DC008A0944 /* EsconderObjetosUITests */ = {
			isa = PBXGroup;
			children = (
				FF6E7B191C0132DC008A0944 /* EsconderObjetosUITests.m */,
				FF6E7B1B1C0132DC008A0944 /* Info.plist */,
			);
			path = EsconderObjetosUITests;
			sourceTree = "<group>";
		};
/* End PBXGroup section */

/* Begin PBXNativeTarget section */
		FF6E7AF01C0132DC008A0944 /* EsconderObjetos */ = {
			isa = PBXNativeTarget;
			buildConfigurationList = FF6E7B1E1C0132DC008A0944 /* Build configuration list for PBXNativeTarget "EsconderObjetos" */;
			buildPhases = (
				FF6E7AED1C0132DC008A0944 /* Sources */,
				FF6E7AEE1C0132DC008A0944 /* Frameworks */,
				FF6E7AEF1C0132DC008A0944 /* Resources */,
			);
			buildRules = (
			);
			dependencies = (
			);
			name = EsconderObjetos;
			productName = EsconderObjetos;
			productReference = FF6E7AF11C0132DC008A0944 /* EsconderObjetos.app */;
			productType = "com.apple.product-type.application";
		};
		FF6E7B091C0132DC008A0944 /* EsconderObjetosTests */ = {
			isa = PBXNativeTarget;
			buildConfigurationList = FF6E7B211C0132DC008A0944 /* Build configuration list for PBXNativeTarget "EsconderObjetosTests" */;
			buildPhases = (
				FF6E7B061C0132DC008A0944 /* Sources */,
				FF6E7B071C0132DC008A0944 /* Frameworks */,
				FF6E7B081C0132DC008A0944 /* Resources */,
			);
			buildRules = (
			);
			dependencies = (
				FF6E7B0C1C0132DC008A0944 /* PBXTargetDependency */,
			);
			name = EsconderObjetosTests;
			productName = EsconderObjetosTests;
			productReference = FF6E7B0A1C0132DC008A0944 /* EsconderObjetosTests.xctest */;
			productType = "com.apple.product-type.bundle.unit-test";
		};
		FF6E7B141C0132DC008A0944 /* EsconderObjetosUITests */ = {
			isa = PBXNativeTarget;
			buildConfigurationList = FF6E7B241C0132DC008A0944 /* Build configuration list for PBXNativeTarget "EsconderObjetosUITests" */;
			buildPhases = (
				FF6E7B111C0132DC008A0944 /* Sources */,
				FF6E7B121C0132DC008A0944 /* Frameworks */,
				FF6E7B131C0132DC008A0944 /* Resources */,
			);
			buildRules = (
			);
			dependencies = (
				FF6E7B171C0132DC008A0944 /* PBXTargetDependency */,
			);
			name = EsconderObjetosUITests;
			productName = EsconderObjetosUITests;
			productReference = FF6E7B151C0132DC008A0944 /* EsconderObjetosUITests.xctest */;
			productType = "com.apple.product-type.bundle.ui-testing";
		};
/* End PBXNativeTarget section */

/* Begin PBXProject section */
		FF6E7AE91C0132DC008A0944 /* Project object */ = {
			isa = PBXProject;
			attributes = {
				LastUpgradeCheck = 0710;
				ORGANIZATIONNAME = "Antonio Martínez González";
				TargetAttributes = {
					FF6E7AF01C0132DC008A0944 = {
						CreatedOnToolsVersion = 7.1.1;
					};
					FF6E7B091C0132DC008A0944 = {
						CreatedOnToolsVersion = 7.1.1;
						TestTargetID = FF6E7AF01C0132DC008A0944;
					};
					FF6E7B141C0132DC008A0944 = {
						CreatedOnToolsVersion = 7.1.1;
						TestTargetID = FF6E7AF01C0132DC008A0944;
					};
				};
			};
			buildConfigurationList = FF6E7AEC1C0132DC008A0944 /* Build configuration list for PBXProject "EsconderObjetos" */;
			compatibilityVersion = "Xcode 3.2";
			developmentRegion = English;
			hasScannedForEncodings = 0;
			knownRegions = (
				en,
				Base,
			);
			mainGroup = FF6E7AE81C0132DC008A0944;
			productRefGroup = FF6E7AF21C0132DC008A0944 /* Products */;
			projectDirPath = "";
			projectRoot = "";
			targets = (
				FF6E7AF01C0132DC008A0944 /* EsconderObjetos */,
				FF6E7B091C0132DC008A0944 /* EsconderObjetosTests */,
				FF6E7B141C0132DC008A0944 /* EsconderObjetosUITests */,
			);
		};
/* End PBXProject section */

/* Begin PBXResourcesBuildPhase section */
		FF6E7AEF1C0132DC008A0944 /* Resources */ = {
			isa = PBXResourcesBuildPhase;
			buildActionMask = 2147483647;
			files = (
				FF6E7B041C0132DC008A0944 /* LaunchScreen.storyboard in Resources */,
				FF6E7B011C0132DC008A0944 /* Assets.xcassets in Resources */,
				FF6E7AFF1C0132DC008A0944 /* Main.storyboard in Resources */,
			);
			runOnlyForDeploymentPostprocessing = 0;
		};
		FF6E7B081C0132DC008A0944 /* Resources */ = {
			isa = PBXResourcesBuildPhase;
			buildActionMask = 2147483647;
			files = (
			);
			runOnlyForDeploymentPostprocessing = 0;
		};
		FF6E7B131C0132DC008A0944 /* Resources */ = {
			isa = PBXResourcesBuildPhase;
			buildActionMask = 2147483647;
			files = (
			);
			runOnlyForDeploymentPostprocessing = 0;
		};
/* End PBXResourcesBuildPhase section */

/* Begin PBXSourcesBuildPhase section */
		FF6E7AED1C0132DC008A0944 /* Sources */ = {
			isa = PBXSourcesBuildPhase;
			buildActionMask = 2147483647;
			files = (
				FF6E7AFC1C0132DC008A0944 /* ViewController.m in Sources */,
				FF6E7AF91C0132DC008A0944 /* AppDelegate.m in Sources */,
				FF6E7AF61C0132DC008A0944 /* main.m in Sources */,
			);
			runOnlyForDeploymentPostprocessing = 0;
		};
		FF6E7B061C0132DC008A0944 /* Sources */ = {
			isa = PBXSourcesBuildPhase;
			buildActionMask = 2147483647;
			files = (
				FF6E7B0F1C0132DC008A0944 /* EsconderObjetosTests.m in Sources */,
			);
			runOnlyForDeploymentPostprocessing = 0;
		};
		FF6E7B111C0132DC008A0944 /* Sources */ = {
			isa = PBXSourcesBuildPhase;
			buildActionMask = 2147483647;
			files = (
				FF6E7B1A1C0132DC008A0944 /* EsconderObjetosUITests.m in Sources */,
			);
			runOnlyForDeploymentPostprocessing = 0;
		};
/* End PBXSourcesBuildPhase section */

/* Begin PBXTargetDependency section */
		FF6E7B0C1C0132DC008A0944 /* PBXTargetDependency */ = {
			isa = PBXTargetDependency;
			target = FF6E7AF01C0132DC008A0944 /* EsconderObjetos */;
			targetProxy = FF6E7B0B1C0132DC008A0944 /* PBXContainerItemProxy */;
		};
		FF6E7B171C0132DC008A0944 /* PBXTargetDependency */ = {
			isa = PBXTargetDependency;
			target = FF6E7AF01C0132DC008A0944 /* EsconderObjetos */;
			targetProxy = FF6E7B161C0132DC008A0944 /* PBXContainerItemProxy */;
		};
/* End PBXTargetDependency section */

/* Begin PBXVariantGroup section */
		FF6E7AFD1C0132DC008A0944 /* Main.storyboard */ = {
			isa = PBXVariantGroup;
			children = (
				FF6E7AFE1C0132DC008A0944 /* Base */,
			);
			name = Main.storyboard;
			sourceTree = "<group>";
		};
		FF6E7B021C0132DC008A0944 /* LaunchScreen.storyboard */ = {
			isa = PBXVariantGroup;
			children = (
				FF6E7B031C0132DC008A0944 /* Base */,
			);
			name = LaunchScreen.storyboard;
			sourceTree = "<group>";
		};
/* End PBXVariantGroup section */

/* Begin XCBuildConfiguration section */
		FF6E7B1C1C0132DC008A0944 /* Debug */ = {
			isa = XCBuildConfiguration;
			buildSettings = {
				ALWAYS_SEARCH_USER_PATHS = NO;
				CLANG_CXX_LANGUAGE_STANDARD = "gnu++0x";
				CLANG_CXX_LIBRARY = "libc++";
				CLANG_ENABLE_MODULES = YES;
				CLANG_ENABLE_OBJC_ARC = YES;
				CLANG_WARN_BOOL_CONVERSION = YES;
				CLANG_WARN_CONSTANT_CONVERSION = YES;
				CLANG_WARN_DIRECT_OBJC_ISA_USAGE = YES_ERROR;
				CLANG_WARN_EMPTY_BODY = YES;
				CLANG_WARN_ENUM_CONVERSION = YES;
				CLANG_WARN_INT_CONVERSION = YES;
				CLANG_WARN_OBJC_ROOT_CLASS = YES_ERROR;
				CLANG_WARN_UNREACHABLE_CODE = YES;
				CLANG_WARN__DUPLICATE_METHOD_MATCH = YES;
				"CODE_SIGN_IDENTITY[sdk=iphoneos*]" = "iPhone Developer";
				COPY_PHASE_STRIP = NO;
				DEBUG_INFORMATION_FORMAT = dwarf;
				ENABLE_STRICT_OBJC_MSGSEND = YES;
				ENABLE_TESTABILITY = YES;
				GCC_C_LANGUAGE_STANDARD = gnu99;
				GCC_DYNAMIC_NO_PIC = NO;
				GCC_NO_COMMON_BLOCKS = YES;
				GCC_OPTIMIZATION_LEVEL = 0;
				GCC_PREPROCESSOR_DEFINITIONS = (
					"DEBUG=1",
					"$(inherited)",
				);
				GCC_WARN_64_TO_32_BIT_CONVERSION = YES;
				GCC_WARN_ABOUT_RETURN_TYPE = YES_ERROR;
				GCC_WARN_UNDECLARED_SELECTOR = YES;
				GCC_WARN_UNINITIALIZED_AUTOS = YES_AGGRESSIVE;
				GCC_WARN_UNUSED_FUNCTION = YES;
				GCC_WARN_UNUSED_VARIABLE = YES;
				IPHONEOS_DEPLOYMENT_TARGET = 9.1;
				MTL_ENABLE_DEBUG_INFO = YES;
				ONLY_ACTIVE_ARCH = YES;
				SDKROOT = iphoneos;
			};
			name = Debug;
		};
		FF6E7B1D1C0132DC008A0944 /* Release */ = {
			isa = XCBuildConfiguration;
			buildSettings = {
				ALWAYS_SEARCH_USER_PATHS = NO;
				CLANG_CXX_LANGUAGE_STANDARD = "gnu++0x";
				CLANG_CXX_LIBRARY = "libc++";
				CLANG_ENABLE_MODULES = YES;
				CLANG_ENABLE_OBJC_ARC = YES;
				CLANG_WARN_BOOL_CONVERSION = YES;
				CLANG_WARN_CONSTANT_CONVERSION = YES;
				CLANG_WARN_DIRECT_OBJC_ISA_USAGE = YES_ERROR;
				CLANG_WARN_EMPTY_BODY = YES;
				CLANG_WARN_ENUM_CONVERSION = YES;
				CLANG_WARN_INT_CONVERSION = YES;
				CLANG_WARN_OBJC_ROOT_CLASS = YES_ERROR;
				CLANG_WARN_UNREACHABLE_CODE = YES;
				CLANG_WARN__DUPLICATE_METHOD_MATCH = YES;
				"CODE_SIGN_IDENTITY[sdk=iphoneos*]" = "iPhone Developer";
				COPY_PHASE_STRIP = NO;
				DEBUG_INFORMATION_FORMAT = "dwarf-with-dsym";
				ENABLE_NS_ASSERTIONS = NO;
				ENABLE_STRICT_OBJC_MSGSEND = YES;
				GCC_C_LANGUAGE_STANDARD = gnu99;
				GCC_NO_COMMON_BLOCKS = YES;
				GCC_WARN_64_TO_32_BIT_CONVERSION = YES;
				GCC_WARN_ABOUT_RETURN_TYPE = YES_ERROR;
				GCC_WARN_UNDECLARED_SELECTOR = YES;
				GCC_WARN_UNINITIALIZED_AUTOS = YES_AGGRESSIVE;
				GCC_WARN_UNUSED_FUNCTION = YES;
				GCC_WARN_UNUSED_VARIABLE = YES;
				IPHONEOS_DEPLOYMENT_TARGET = 9.1;
				MTL_ENABLE_DEBUG_INFO = NO;
				SDKROOT = iphoneos;
				VALIDATE_PRODUCT = YES;
			};
			name = Release;
		};
		FF6E7B1F1C0132DC008A0944 /* Debug */ = {
			isa = XCBuildConfiguration;
			buildSettings = {
				ASSETCATALOG_COMPILER_APPICON_NAME = AppIcon;
				INFOPLIST_FILE = EsconderObjetos/Info.plist;
				LD_RUNPATH_SEARCH_PATHS = "$(inherited) @executable_path/Frameworks";
				PRODUCT_BUNDLE_IDENTIFIER = amgonzalez.EsconderObjetos;
				PRODUCT_NAME = "$(TARGET_NAME)";
			};
			name = Debug;
		};
		FF6E7B201C0132DC008A0944 /* Release */ = {
			isa = XCBuildConfiguration;
			buildSettings = {
				ASSETCATALOG_COMPILER_APPICON_NAME = AppIcon;
				INFOPLIST_FILE = EsconderObjetos/Info.plist;
				LD_RUNPATH_SEARCH_PATHS = "$(inherited) @executable_path/Frameworks";
				PRODUCT_BUNDLE_IDENTIFIER = amgonzalez.EsconderObjetos;
				PRODUCT_NAME = "$(TARGET_NAME)";
			};
			name = Release;
		};
		FF6E7B221C0132DC008A0944 /* Debug */ = {
			isa = XCBuildConfiguration;
			buildSettings = {
				BUNDLE_LOADER = "$(TEST_HOST)";
				INFOPLIST_FILE = EsconderObjetosTests/Info.plist;
				LD_RUNPATH_SEARCH_PATHS = "$(inherited) @executable_path/Frameworks @loader_path/Frameworks";
				PRODUCT_BUNDLE_IDENTIFIER = amgonzalez.EsconderObjetosTests;
				PRODUCT_NAME = "$(TARGET_NAME)";
				TEST_HOST = "$(BUILT_PRODUCTS_DIR)/EsconderObjetos.app/EsconderObjetos";
			};
			name = Debug;
		};
		FF6E7B231C0132DC008A0944 /* Release */ = {
			isa = XCBuildConfiguration;
			buildSettings = {
				BUNDLE_LOADER = "$(TEST_HOST)";
				INFOPLIST_FILE = EsconderObjetosTests/Info.plist;
				LD_RUNPATH_SEARCH_PATHS = "$(inherited) @executable_path/Frameworks @loader_path/Frameworks";
				PRODUCT_BUNDLE_IDENTIFIER = amgonzalez.EsconderObjetosTests;
				PRODUCT_NAME = "$(TARGET_NAME)";
				TEST_HOST = "$(BUILT_PRODUCTS_DIR)/EsconderObjetos.app/EsconderObjetos";
			};
			name = Release;
		};
		FF6E7B251C0132DC008A0944 /* Debug */ = {
			isa = XCBuildConfiguration;
			buildSettings = {
				INFOPLIST_FILE = EsconderObjetosUITests/Info.plist;
				LD_RUNPATH_SEARCH_PATHS = "$(inherited) @executable_path/Frameworks @loader_path/Frameworks";
				PRODUCT_BUNDLE_IDENTIFIER = amgonzalez.EsconderObjetosUITests;
				PRODUCT_NAME = "$(TARGET_NAME)";
				TEST_TARGET_NAME = EsconderObjetos;
				USES_XCTRUNNER = YES;
			};
			name = Debug;
		};
		FF6E7B261C0132DC008A0944 /* Release */ = {
			isa = XCBuildConfiguration;
			buildSettings = {
				INFOPLIST_FILE = EsconderObjetosUITests/Info.plist;
				LD_RUNPATH_SEARCH_PATHS = "$(inherited) @executable_path/Frameworks @loader_path/Frameworks";
				PRODUCT_BUNDLE_IDENTIFIER = amgonzalez.EsconderObjetosUITests;
				PRODUCT_NAME = "$(TARGET_NAME)";
				TEST_TARGET_NAME = EsconderObjetos;
				USES_XCTRUNNER = YES;
			};
			name = Release;
		};
/* End XCBuildConfiguration section */

/* Begin XCConfigurationList section */
		FF6E7AEC1C0132DC008A0944 /* Build configuration list for PBXProject "EsconderObjetos" */ = {
			isa = XCConfigurationList;
			buildConfigurations = (
				FF6E7B1C1C0132DC008A0944 /* Debug */,
				FF6E7B1D1C0132DC008A0944 /* Release */,
			);
			defaultConfigurationIsVisible = 0;
			defaultConfigurationName = Release;
		};
		FF6E7B1E1C0132DC008A0944 /* Build configuration list for PBXNativeTarget "EsconderObjetos" */ = {
			isa = XCConfigurationList;
			buildConfigurations = (
				FF6E7B1F1C0132DC008A0944 /* Debug */,
				FF6E7B201C0132DC008A0944 /* Release */,
			);
			defaultConfigurationIsVisible = 0;
		};
		FF6E7B211C0132DC008A0944 /* Build configuration list for PBXNativeTarget "EsconderObjetosTests" */ = {
			isa = XCConfigurationList;
			buildConfigurations = (
				FF6E7B221C0132DC008A0944 /* Debug */,
				FF6E7B231C0132DC008A0944 /* Release */,
			);
			defaultConfigurationIsVisible = 0;
		};
		FF6E7B241C0132DC008A0944 /* Build configuration list for PBXNativeTarget "EsconderObjetosUITests" */ = {
			isa = XCConfigurationList;
			buildConfigurations = (
				FF6E7B251C0132DC008A0944 /* Debug */,
				FF6E7B261C0132DC008A0944 /* Release */,
			);
			defaultConfigurationIsVisible = 0;
		};
/* End XCConfigurationList section */
	};
	rootObject = FF6E7AE91C0132DC008A0944 /* Project object */;
}
