// !$*UTF8*$!
{
	archiveVersion = 1;
	classes = {
	};
	objectVersion = 46;
	objects = {

/* Begin PBXBuildFile section */
		FFD824EA1BDFCD62009CD777 /* main.m in Sources */ = {isa = PBXBuildFile; fileRef = FFD824E91BDFCD62009CD777 /* main.m */; };
		FFD824ED1BDFCD62009CD777 /* AppDelegate.m in Sources */ = {isa = PBXBuildFile; fileRef = FFD824EC1BDFCD62009CD777 /* AppDelegate.m */; };
		FFD824F01BDFCD62009CD777 /* ViewController.m in Sources */ = {isa = PBXBuildFile; fileRef = FFD824EF1BDFCD62009CD777 /* ViewController.m */; };
		FFD824F31BDFCD62009CD777 /* Main.storyboard in Resources */ = {isa = PBXBuildFile; fileRef = FFD824F11BDFCD62009CD777 /* Main.storyboard */; };
		FFD824F51BDFCD62009CD777 /* Assets.xcassets in Resources */ = {isa = PBXBuildFile; fileRef = FFD824F41BDFCD62009CD777 /* Assets.xcassets */; };
		FFD824F81BDFCD62009CD777 /* LaunchScreen.storyboard in Resources */ = {isa = PBXBuildFile; fileRef = FFD824F61BDFCD62009CD777 /* LaunchScreen.storyboard */; };
		FFD825031BDFCD62009CD777 /* WebViewTests.m in Sources */ = {isa = PBXBuildFile; fileRef = FFD825021BDFCD62009CD777 /* WebViewTests.m */; };
		FFD8250E1BDFCD62009CD777 /* WebViewUITests.m in Sources */ = {isa = PBXBuildFile; fileRef = FFD8250D1BDFCD62009CD777 /* WebViewUITests.m */; };
/* End PBXBuildFile section */

/* Begin PBXContainerItemProxy section */
		FFD824FF1BDFCD62009CD777 /* PBXContainerItemProxy */ = {
			isa = PBXContainerItemProxy;
			containerPortal = FFD824DD1BDFCD62009CD777 /* Project object */;
			proxyType = 1;
			remoteGlobalIDString = FFD824E41BDFCD62009CD777;
			remoteInfo = WebView;
		};
		FFD8250A1BDFCD62009CD777 /* PBXContainerItemProxy */ = {
			isa = PBXContainerItemProxy;
			containerPortal = FFD824DD1BDFCD62009CD777 /* Project object */;
			proxyType = 1;
			remoteGlobalIDString = FFD824E41BDFCD62009CD777;
			remoteInfo = WebView;
		};
/* End PBXContainerItemProxy section */

/* Begin PBXFileReference section */
		FFD824E51BDFCD62009CD777 /* WebView.app */ = {isa = PBXFileReference; explicitFileType = wrapper.application; includeInIndex = 0; path = WebView.app; sourceTree = BUILT_PRODUCTS_DIR; };
		FFD824E91BDFCD62009CD777 /* main.m */ = {isa = PBXFileReference; lastKnownFileType = sourcecode.c.objc; path = main.m; sourceTree = "<group>"; };
		FFD824EB1BDFCD62009CD777 /* AppDelegate.h */ = {isa = PBXFileReference; lastKnownFileType = sourcecode.c.h; path = AppDelegate.h; sourceTree = "<group>"; };
		FFD824EC1BDFCD62009CD777 /* AppDelegate.m */ = {isa = PBXFileReference; lastKnownFileType = sourcecode.c.objc; path = AppDelegate.m; sourceTree = "<group>"; };
		FFD824EE1BDFCD62009CD777 /* ViewController.h */ = {isa = PBXFileReference; lastKnownFileType = sourcecode.c.h; path = ViewController.h; sourceTree = "<group>"; };
		FFD824EF1BDFCD62009CD777 /* ViewController.m */ = {isa = PBXFileReference; lastKnownFileType = sourcecode.c.objc; path = ViewController.m; sourceTree = "<group>"; };
		FFD824F21BDFCD62009CD777 /* Base */ = {isa = PBXFileReference; lastKnownFileType = file.storyboard; name = Base; path = Base.lproj/Main.storyboard; sourceTree = "<group>"; };
		FFD824F41BDFCD62009CD777 /* Assets.xcassets */ = {isa = PBXFileReference; lastKnownFileType = folder.assetcatalog; path = Assets.xcassets; sourceTree = "<group>"; };
		FFD824F71BDFCD62009CD777 /* Base */ = {isa = PBXFileReference; lastKnownFileType = file.storyboard; name = Base; path = Base.lproj/LaunchScreen.storyboard; sourceTree = "<group>"; };
		FFD824F91BDFCD62009CD777 /* Info.plist */ = {isa = PBXFileReference; lastKnownFileType = text.plist.xml; path = Info.plist; sourceTree = "<group>"; };
		FFD824FE1BDFCD62009CD777 /* WebViewTests.xctest */ = {isa = PBXFileReference; explicitFileType = wrapper.cfbundle; includeInIndex = 0; path = WebViewTests.xctest; sourceTree = BUILT_PRODUCTS_DIR; };
		FFD825021BDFCD62009CD777 /* WebViewTests.m */ = {isa = PBXFileReference; lastKnownFileType = sourcecode.c.objc; path = WebViewTests.m; sourceTree = "<group>"; };
		FFD825041BDFCD62009CD777 /* Info.plist */ = {isa = PBXFileReference; lastKnownFileType = text.plist.xml; path = Info.plist; sourceTree = "<group>"; };
		FFD825091BDFCD62009CD777 /* WebViewUITests.xctest */ = {isa = PBXFileReference; explicitFileType = wrapper.cfbundle; includeInIndex = 0; path = WebViewUITests.xctest; sourceTree = BUILT_PRODUCTS_DIR; };
		FFD8250D1BDFCD62009CD777 /* WebViewUITests.m */ = {isa = PBXFileReference; lastKnownFileType = sourcecode.c.objc; path = WebViewUITests.m; sourceTree = "<group>"; };
		FFD8250F1BDFCD62009CD777 /* Info.plist */ = {isa = PBXFileReference; lastKnownFileType = text.plist.xml; path = Info.plist; sourceTree = "<group>"; };
/* End PBXFileReference section */

/* Begin PBXFrameworksBuildPhase section */
		FFD824E21BDFCD62009CD777 /* Frameworks */ = {
			isa = PBXFrameworksBuildPhase;
			buildActionMask = 2147483647;
			files = (
			);
			runOnlyForDeploymentPostprocessing = 0;
		};
		FFD824FB1BDFCD62009CD777 /* Frameworks */ = {
			isa = PBXFrameworksBuildPhase;
			buildActionMask = 2147483647;
			files = (
			);
			runOnlyForDeploymentPostprocessing = 0;
		};
		FFD825061BDFCD62009CD777 /* Frameworks */ = {
			isa = PBXFrameworksBuildPhase;
			buildActionMask = 2147483647;
			files = (
			);
			runOnlyForDeploymentPostprocessing = 0;
		};
/* End PBXFrameworksBuildPhase section */

/* Begin PBXGroup section */
		FFD824DC1BDFCD62009CD777 = {
			isa = PBXGroup;
			children = (
				FFD824E71BDFCD62009CD777 /* WebView */,
				FFD825011BDFCD62009CD777 /* WebViewTests */,
				FFD8250C1BDFCD62009CD777 /* WebViewUITests */,
				FFD824E61BDFCD62009CD777 /* Products */,
			);
			sourceTree = "<group>";
		};
		FFD824E61BDFCD62009CD777 /* Products */ = {
			isa = PBXGroup;
			children = (
				FFD824E51BDFCD62009CD777 /* WebView.app */,
				FFD824FE1BDFCD62009CD777 /* WebViewTests.xctest */,
				FFD825091BDFCD62009CD777 /* WebViewUITests.xctest */,
			);
			name = Products;
			sourceTree = "<group>";
		};
		FFD824E71BDFCD62009CD777 /* WebView */ = {
			isa = PBXGroup;
			children = (
				FFD824EB1BDFCD62009CD777 /* AppDelegate.h */,
				FFD824EC1BDFCD62009CD777 /* AppDelegate.m */,
				FFD824EE1BDFCD62009CD777 /* ViewController.h */,
				FFD824EF1BDFCD62009CD777 /* ViewController.m */,
				FFD824F11BDFCD62009CD777 /* Main.storyboard */,
				FFD824F41BDFCD62009CD777 /* Assets.xcassets */,
				FFD824F61BDFCD62009CD777 /* LaunchScreen.storyboard */,
				FFD824F91BDFCD62009CD777 /* Info.plist */,
				FFD824E81BDFCD62009CD777 /* Supporting Files */,
			);
			path = WebView;
			sourceTree = "<group>";
		};
		FFD824E81BDFCD62009CD777 /* Supporting Files */ = {
			isa = PBXGroup;
			children = (
				FFD824E91BDFCD62009CD777 /* main.m */,
			);
			name = "Supporting Files";
			sourceTree = "<group>";
		};
		FFD825011BDFCD62009CD777 /* WebViewTests */ = {
			isa = PBXGroup;
			children = (
				FFD825021BDFCD62009CD777 /* WebViewTests.m */,
				FFD825041BDFCD62009CD777 /* Info.plist */,
			);
			path = WebViewTests;
			sourceTree = "<group>";
		};
		FFD8250C1BDFCD62009CD777 /* WebViewUITests */ = {
			isa = PBXGroup;
			children = (
				FFD8250D1BDFCD62009CD777 /* WebViewUITests.m */,
				FFD8250F1BDFCD62009CD777 /* Info.plist */,
			);
			path = WebViewUITests;
			sourceTree = "<group>";
		};
/* End PBXGroup section */

/* Begin PBXNativeTarget section */
		FFD824E41BDFCD62009CD777 /* WebView */ = {
			isa = PBXNativeTarget;
			buildConfigurationList = FFD825121BDFCD62009CD777 /* Build configuration list for PBXNativeTarget "WebView" */;
			buildPhases = (
				FFD824E11BDFCD62009CD777 /* Sources */,
				FFD824E21BDFCD62009CD777 /* Frameworks */,
				FFD824E31BDFCD62009CD777 /* Resources */,
			);
			buildRules = (
			);
			dependencies = (
			);
			name = WebView;
			productName = WebView;
			productReference = FFD824E51BDFCD62009CD777 /* WebView.app */;
			productType = "com.apple.product-type.application";
		};
		FFD824FD1BDFCD62009CD777 /* WebViewTests */ = {
			isa = PBXNativeTarget;
			buildConfigurationList = FFD825151BDFCD62009CD777 /* Build configuration list for PBXNativeTarget "WebViewTests" */;
			buildPhases = (
				FFD824FA1BDFCD62009CD777 /* Sources */,
				FFD824FB1BDFCD62009CD777 /* Frameworks */,
				FFD824FC1BDFCD62009CD777 /* Resources */,
			);
			buildRules = (
			);
			dependencies = (
				FFD825001BDFCD62009CD777 /* PBXTargetDependency */,
			);
			name = WebViewTests;
			productName = WebViewTests;
			productReference = FFD824FE1BDFCD62009CD777 /* WebViewTests.xctest */;
			productType = "com.apple.product-type.bundle.unit-test";
		};
		FFD825081BDFCD62009CD777 /* WebViewUITests */ = {
			isa = PBXNativeTarget;
			buildConfigurationList = FFD825181BDFCD62009CD777 /* Build configuration list for PBXNativeTarget "WebViewUITests" */;
			buildPhases = (
				FFD825051BDFCD62009CD777 /* Sources */,
				FFD825061BDFCD62009CD777 /* Frameworks */,
				FFD825071BDFCD62009CD777 /* Resources */,
			);
			buildRules = (
			);
			dependencies = (
				FFD8250B1BDFCD62009CD777 /* PBXTargetDependency */,
			);
			name = WebViewUITests;
			productName = WebViewUITests;
			productReference = FFD825091BDFCD62009CD777 /* WebViewUITests.xctest */;
			productType = "com.apple.product-type.bundle.ui-testing";
		};
/* End PBXNativeTarget section */

/* Begin PBXProject section */
		FFD824DD1BDFCD62009CD777 /* Project object */ = {
			isa = PBXProject;
			attributes = {
				LastUpgradeCheck = 0710;
				ORGANIZATIONNAME = "Antonio Martínez González";
				TargetAttributes = {
					FFD824E41BDFCD62009CD777 = {
						CreatedOnToolsVersion = 7.1;
					};
					FFD824FD1BDFCD62009CD777 = {
						CreatedOnToolsVersion = 7.1;
						TestTargetID = FFD824E41BDFCD62009CD777;
					};
					FFD825081BDFCD62009CD777 = {
						CreatedOnToolsVersion = 7.1;
						TestTargetID = FFD824E41BDFCD62009CD777;
					};
				};
			};
			buildConfigurationList = FFD824E01BDFCD62009CD777 /* Build configuration list for PBXProject "WebView" */;
			compatibilityVersion = "Xcode 3.2";
			developmentRegion = English;
			hasScannedForEncodings = 0;
			knownRegions = (
				en,
				Base,
			);
			mainGroup = FFD824DC1BDFCD62009CD777;
			productRefGroup = FFD824E61BDFCD62009CD777 /* Products */;
			projectDirPath = "";
			projectRoot = "";
			targets = (
				FFD824E41BDFCD62009CD777 /* WebView */,
				FFD824FD1BDFCD62009CD777 /* WebViewTests */,
				FFD825081BDFCD62009CD777 /* WebViewUITests */,
			);
		};
/* End PBXProject section */

/* Begin PBXResourcesBuildPhase section */
		FFD824E31BDFCD62009CD777 /* Resources */ = {
			isa = PBXResourcesBuildPhase;
			buildActionMask = 2147483647;
			files = (
				FFD824F81BDFCD62009CD777 /* LaunchScreen.storyboard in Resources */,
				FFD824F51BDFCD62009CD777 /* Assets.xcassets in Resources */,
				FFD824F31BDFCD62009CD777 /* Main.storyboard in Resources */,
			);
			runOnlyForDeploymentPostprocessing = 0;
		};
		FFD824FC1BDFCD62009CD777 /* Resources */ = {
			isa = PBXResourcesBuildPhase;
			buildActionMask = 2147483647;
			files = (
			);
			runOnlyForDeploymentPostprocessing = 0;
		};
		FFD825071BDFCD62009CD777 /* Resources */ = {
			isa = PBXResourcesBuildPhase;
			buildActionMask = 2147483647;
			files = (
			);
			runOnlyForDeploymentPostprocessing = 0;
		};
/* End PBXResourcesBuildPhase section */

/* Begin PBXSourcesBuildPhase section */
		FFD824E11BDFCD62009CD777 /* Sources */ = {
			isa = PBXSourcesBuildPhase;
			buildActionMask = 2147483647;
			files = (
				FFD824F01BDFCD62009CD777 /* ViewController.m in Sources */,
				FFD824ED1BDFCD62009CD777 /* AppDelegate.m in Sources */,
				FFD824EA1BDFCD62009CD777 /* main.m in Sources */,
			);
			runOnlyForDeploymentPostprocessing = 0;
		};
		FFD824FA1BDFCD62009CD777 /* Sources */ = {
			isa = PBXSourcesBuildPhase;
			buildActionMask = 2147483647;
			files = (
				FFD825031BDFCD62009CD777 /* WebViewTests.m in Sources */,
			);
			runOnlyForDeploymentPostprocessing = 0;
		};
		FFD825051BDFCD62009CD777 /* Sources */ = {
			isa = PBXSourcesBuildPhase;
			buildActionMask = 2147483647;
			files = (
				FFD8250E1BDFCD62009CD777 /* WebViewUITests.m in Sources */,
			);
			runOnlyForDeploymentPostprocessing = 0;
		};
/* End PBXSourcesBuildPhase section */

/* Begin PBXTargetDependency section */
		FFD825001BDFCD62009CD777 /* PBXTargetDependency */ = {
			isa = PBXTargetDependency;
			target = FFD824E41BDFCD62009CD777 /* WebView */;
			targetProxy = FFD824FF1BDFCD62009CD777 /* PBXContainerItemProxy */;
		};
		FFD8250B1BDFCD62009CD777 /* PBXTargetDependency */ = {
			isa = PBXTargetDependency;
			target = FFD824E41BDFCD62009CD777 /* WebView */;
			targetProxy = FFD8250A1BDFCD62009CD777 /* PBXContainerItemProxy */;
		};
/* End PBXTargetDependency section */

/* Begin PBXVariantGroup section */
		FFD824F11BDFCD62009CD777 /* Main.storyboard */ = {
			isa = PBXVariantGroup;
			children = (
				FFD824F21BDFCD62009CD777 /* Base */,
			);
			name = Main.storyboard;
			sourceTree = "<group>";
		};
		FFD824F61BDFCD62009CD777 /* LaunchScreen.storyboard */ = {
			isa = PBXVariantGroup;
			children = (
				FFD824F71BDFCD62009CD777 /* Base */,
			);
			name = LaunchScreen.storyboard;
			sourceTree = "<group>";
		};
/* End PBXVariantGroup section */

/* Begin XCBuildConfiguration section */
		FFD825101BDFCD62009CD777 /* Debug */ = {
			isa = XCBuildConfiguration;
			buildSettings = {
				ALWAYS_SEARCH_USER_PATHS = NO;
				CLANG_CXX_LANGUAGE_STANDARD = "gnu++0x";
				CLANG_CXX_LIBRARY = "libc++";
				CLANG_ENABLE_MODULES = YES;
				CLANG_ENABLE_OBJC_ARC = YES;
				CLANG_WARN_BOOL_CONVERSION = YES;
				CLANG_WARN_CONSTANT_CONVERSION = YES;
				CLANG_WARN_DIRECT_OBJC_ISA_USAGE = YES_ERROR;
				CLANG_WARN_EMPTY_BODY = YES;
				CLANG_WARN_ENUM_CONVERSION = YES;
				CLANG_WARN_INT_CONVERSION = YES;
				CLANG_WARN_OBJC_ROOT_CLASS = YES_ERROR;
				CLANG_WARN_UNREACHABLE_CODE = YES;
				CLANG_WARN__DUPLICATE_METHOD_MATCH = YES;
				"CODE_SIGN_IDENTITY[sdk=iphoneos*]" = "iPhone Developer";
				COPY_PHASE_STRIP = NO;
				DEBUG_INFORMATION_FORMAT = dwarf;
				ENABLE_STRICT_OBJC_MSGSEND = YES;
				ENABLE_TESTABILITY = YES;
				GCC_C_LANGUAGE_STANDARD = gnu99;
				GCC_DYNAMIC_NO_PIC = NO;
				GCC_NO_COMMON_BLOCKS = YES;
				GCC_OPTIMIZATION_LEVEL = 0;
				GCC_PREPROCESSOR_DEFINITIONS = (
					"DEBUG=1",
					"$(inherited)",
				);
				GCC_WARN_64_TO_32_BIT_CONVERSION = YES;
				GCC_WARN_ABOUT_RETURN_TYPE = YES_ERROR;
				GCC_WARN_UNDECLARED_SELECTOR = YES;
				GCC_WARN_UNINITIALIZED_AUTOS = YES_AGGRESSIVE;
				GCC_WARN_UNUSED_FUNCTION = YES;
				GCC_WARN_UNUSED_VARIABLE = YES;
				IPHONEOS_DEPLOYMENT_TARGET = 9.1;
				MTL_ENABLE_DEBUG_INFO = YES;
				ONLY_ACTIVE_ARCH = YES;
				SDKROOT = iphoneos;
			};
			name = Debug;
		};
		FFD825111BDFCD62009CD777 /* Release */ = {
			isa = XCBuildConfiguration;
			buildSettings = {
				ALWAYS_SEARCH_USER_PATHS = NO;
				CLANG_CXX_LANGUAGE_STANDARD = "gnu++0x";
				CLANG_CXX_LIBRARY = "libc++";
				CLANG_ENABLE_MODULES = YES;
				CLANG_ENABLE_OBJC_ARC = YES;
				CLANG_WARN_BOOL_CONVERSION = YES;
				CLANG_WARN_CONSTANT_CONVERSION = YES;
				CLANG_WARN_DIRECT_OBJC_ISA_USAGE = YES_ERROR;
				CLANG_WARN_EMPTY_BODY = YES;
				CLANG_WARN_ENUM_CONVERSION = YES;
				CLANG_WARN_INT_CONVERSION = YES;
				CLANG_WARN_OBJC_ROOT_CLASS = YES_ERROR;
				CLANG_WARN_UNREACHABLE_CODE = YES;
				CLANG_WARN__DUPLICATE_METHOD_MATCH = YES;
				"CODE_SIGN_IDENTITY[sdk=iphoneos*]" = "iPhone Developer";
				COPY_PHASE_STRIP = NO;
				DEBUG_INFORMATION_FORMAT = "dwarf-with-dsym";
				ENABLE_NS_ASSERTIONS = NO;
				ENABLE_STRICT_OBJC_MSGSEND = YES;
				GCC_C_LANGUAGE_STANDARD = gnu99;
				GCC_NO_COMMON_BLOCKS = YES;
				GCC_WARN_64_TO_32_BIT_CONVERSION = YES;
				GCC_WARN_ABOUT_RETURN_TYPE = YES_ERROR;
				GCC_WARN_UNDECLARED_SELECTOR = YES;
				GCC_WARN_UNINITIALIZED_AUTOS = YES_AGGRESSIVE;
				GCC_WARN_UNUSED_FUNCTION = YES;
				GCC_WARN_UNUSED_VARIABLE = YES;
				IPHONEOS_DEPLOYMENT_TARGET = 9.1;
				MTL_ENABLE_DEBUG_INFO = NO;
				SDKROOT = iphoneos;
				VALIDATE_PRODUCT = YES;
			};
			name = Release;
		};
		FFD825131BDFCD62009CD777 /* Debug */ = {
			isa = XCBuildConfiguration;
			buildSettings = {
				ASSETCATALOG_COMPILER_APPICON_NAME = AppIcon;
				INFOPLIST_FILE = WebView/Info.plist;
				LD_RUNPATH_SEARCH_PATHS = "$(inherited) @executable_path/Frameworks";
				PRODUCT_BUNDLE_IDENTIFIER = amgonzalez.WebView;
				PRODUCT_NAME = "$(TARGET_NAME)";
			};
			name = Debug;
		};
		FFD825141BDFCD62009CD777 /* Release */ = {
			isa = XCBuildConfiguration;
			buildSettings = {
				ASSETCATALOG_COMPILER_APPICON_NAME = AppIcon;
				INFOPLIST_FILE = WebView/Info.plist;
				LD_RUNPATH_SEARCH_PATHS = "$(inherited) @executable_path/Frameworks";
				PRODUCT_BUNDLE_IDENTIFIER = amgonzalez.WebView;
				PRODUCT_NAME = "$(TARGET_NAME)";
			};
			name = Release;
		};
		FFD825161BDFCD62009CD777 /* Debug */ = {
			isa = XCBuildConfiguration;
			buildSettings = {
				BUNDLE_LOADER = "$(TEST_HOST)";
				INFOPLIST_FILE = WebViewTests/Info.plist;
				LD_RUNPATH_SEARCH_PATHS = "$(inherited) @executable_path/Frameworks @loader_path/Frameworks";
				PRODUCT_BUNDLE_IDENTIFIER = amgonzalez.WebViewTests;
				PRODUCT_NAME = "$(TARGET_NAME)";
				TEST_HOST = "$(BUILT_PRODUCTS_DIR)/WebView.app/WebView";
			};
			name = Debug;
		};
		FFD825171BDFCD62009CD777 /* Release */ = {
			isa = XCBuildConfiguration;
			buildSettings = {
				BUNDLE_LOADER = "$(TEST_HOST)";
				INFOPLIST_FILE = WebViewTests/Info.plist;
				LD_RUNPATH_SEARCH_PATHS = "$(inherited) @executable_path/Frameworks @loader_path/Frameworks";
				PRODUCT_BUNDLE_IDENTIFIER = amgonzalez.WebViewTests;
				PRODUCT_NAME = "$(TARGET_NAME)";
				TEST_HOST = "$(BUILT_PRODUCTS_DIR)/WebView.app/WebView";
			};
			name = Release;
		};
		FFD825191BDFCD62009CD777 /* Debug */ = {
			isa = XCBuildConfiguration;
			buildSettings = {
				INFOPLIST_FILE = WebViewUITests/Info.plist;
				LD_RUNPATH_SEARCH_PATHS = "$(inherited) @executable_path/Frameworks @loader_path/Frameworks";
				PRODUCT_BUNDLE_IDENTIFIER = amgonzalez.WebViewUITests;
				PRODUCT_NAME = "$(TARGET_NAME)";
				TEST_TARGET_NAME = WebView;
				USES_XCTRUNNER = YES;
			};
			name = Debug;
		};
		FFD8251A1BDFCD62009CD777 /* Release */ = {
			isa = XCBuildConfiguration;
			buildSettings = {
				INFOPLIST_FILE = WebViewUITests/Info.plist;
				LD_RUNPATH_SEARCH_PATHS = "$(inherited) @executable_path/Frameworks @loader_path/Frameworks";
				PRODUCT_BUNDLE_IDENTIFIER = amgonzalez.WebViewUITests;
				PRODUCT_NAME = "$(TARGET_NAME)";
				TEST_TARGET_NAME = WebView;
				USES_XCTRUNNER = YES;
			};
			name = Release;
		};
/* End XCBuildConfiguration section */

/* Begin XCConfigurationList section */
		FFD824E01BDFCD62009CD777 /* Build configuration list for PBXProject "WebView" */ = {
			isa = XCConfigurationList;
			buildConfigurations = (
				FFD825101BDFCD62009CD777 /* Debug */,
				FFD825111BDFCD62009CD777 /* Release */,
			);
			defaultConfigurationIsVisible = 0;
			defaultConfigurationName = Release;
		};
		FFD825121BDFCD62009CD777 /* Build configuration list for PBXNativeTarget "WebView" */ = {
			isa = XCConfigurationList;
			buildConfigurations = (
				FFD825131BDFCD62009CD777 /* Debug */,
				FFD825141BDFCD62009CD777 /* Release */,
			);
			defaultConfigurationIsVisible = 0;
		};
		FFD825151BDFCD62009CD777 /* Build configuration list for PBXNativeTarget "WebViewTests" */ = {
			isa = XCConfigurationList;
			buildConfigurations = (
				FFD825161BDFCD62009CD777 /* Debug */,
				FFD825171BDFCD62009CD777 /* Release */,
			);
			defaultConfigurationIsVisible = 0;
		};
		FFD825181BDFCD62009CD777 /* Build configuration list for PBXNativeTarget "WebViewUITests" */ = {
			isa = XCConfigurationList;
			buildConfigurations = (
				FFD825191BDFCD62009CD777 /* Debug */,
				FFD8251A1BDFCD62009CD777 /* Release */,
			);
			defaultConfigurationIsVisible = 0;
		};
/* End XCConfigurationList section */
	};
	rootObject = FFD824DD1BDFCD62009CD777 /* Project object */;
}
